// !$*UTF8*$!
{
	archiveVersion = 1;
	classes = {
	};
	objectVersion = 50;
	objects = {

/* Begin PBXBuildFile section */
		527112972126C3B800B4C402 /* AppDelegate.swift in Sources */ = {isa = PBXBuildFile; fileRef = 527112962126C3B800B4C402 /* AppDelegate.swift */; };
		527112992126C3B800B4C402 /* ViewController.swift in Sources */ = {isa = PBXBuildFile; fileRef = 527112982126C3B800B4C402 /* ViewController.swift */; };
		5271129C2126C3B800B4C402 /* Main.storyboard in Resources */ = {isa = PBXBuildFile; fileRef = 5271129A2126C3B800B4C402 /* Main.storyboard */; };
		5271129E2126C3B900B4C402 /* Assets.xcassets in Resources */ = {isa = PBXBuildFile; fileRef = 5271129D2126C3B900B4C402 /* Assets.xcassets */; };
		527112A12126C3B900B4C402 /* LaunchScreen.storyboard in Resources */ = {isa = PBXBuildFile; fileRef = 5271129F2126C3B900B4C402 /* LaunchScreen.storyboard */; };
		527112AA2126C3FE00B4C402 /* ShadowCardView.swift in Sources */ = {isa = PBXBuildFile; fileRef = 527112A92126C3FE00B4C402 /* ShadowCardView.swift */; };
		BE443942F3A51BB85B7DDBDF /* Pods_CardView.framework in Frameworks */ = {isa = PBXBuildFile; fileRef = 23F74FFD862030A432FF9AF3 /* Pods_CardView.framework */; };
/* End PBXBuildFile section */

/* Begin PBXFileReference section */
		23F74FFD862030A432FF9AF3 /* Pods_CardView.framework */ = {isa = PBXFileReference; explicitFileType = wrapper.framework; includeInIndex = 0; path = Pods_CardView.framework; sourceTree = BUILT_PRODUCTS_DIR; };
		3ED569E47A9A0EB3419CD286 /* Pods-CardView.release.xcconfig */ = {isa = PBXFileReference; includeInIndex = 1; lastKnownFileType = text.xcconfig; name = "Pods-CardView.release.xcconfig"; path = "Pods/Target Support Files/Pods-CardView/Pods-CardView.release.xcconfig"; sourceTree = "<group>"; };
		527112932126C3B800B4C402 /* CardView.app */ = {isa = PBXFileReference; explicitFileType = wrapper.application; includeInIndex = 0; path = CardView.app; sourceTree = BUILT_PRODUCTS_DIR; };
		527112962126C3B800B4C402 /* AppDelegate.swift */ = {isa = PBXFileReference; lastKnownFileType = sourcecode.swift; path = AppDelegate.swift; sourceTree = "<group>"; };
		527112982126C3B800B4C402 /* ViewController.swift */ = {isa = PBXFileReference; lastKnownFileType = sourcecode.swift; path = ViewController.swift; sourceTree = "<group>"; };
		5271129B2126C3B800B4C402 /* Base */ = {isa = PBXFileReference; lastKnownFileType = file.storyboard; name = Base; path = Base.lproj/Main.storyboard; sourceTree = "<group>"; };
		5271129D2126C3B900B4C402 /* Assets.xcassets */ = {isa = PBXFileReference; lastKnownFileType = folder.assetcatalog; path = Assets.xcassets; sourceTree = "<group>"; };
		527112A02126C3B900B4C402 /* Base */ = {isa = PBXFileReference; lastKnownFileType = file.storyboard; name = Base; path = Base.lproj/LaunchScreen.storyboard; sourceTree = "<group>"; };
		527112A22126C3B900B4C402 /* Info.plist */ = {isa = PBXFileReference; lastKnownFileType = text.plist.xml; path = Info.plist; sourceTree = "<group>"; };
		527112A92126C3FE00B4C402 /* ShadowCardView.swift */ = {isa = PBXFileReference; fileEncoding = 4; lastKnownFileType = sourcecode.swift; path = ShadowCardView.swift; sourceTree = "<group>"; };
		BD86B7CB6361E5CB95290B50 /* Pods-CardView.debug.xcconfig */ = {isa = PBXFileReference; includeInIndex = 1; lastKnownFileType = text.xcconfig; name = "Pods-CardView.debug.xcconfig"; path = "Pods/Target Support Files/Pods-CardView/Pods-CardView.debug.xcconfig"; sourceTree = "<group>"; };
/* End PBXFileReference section */

/* Begin PBXFrameworksBuildPhase section */
		527112902126C3B800B4C402 /* Frameworks */ = {
			isa = PBXFrameworksBuildPhase;
			buildActionMask = 2147483647;
			files = (
				BE443942F3A51BB85B7DDBDF /* Pods_CardView.framework in Frameworks */,
			);
			runOnlyForDeploymentPostprocessing = 0;
		};
/* End PBXFrameworksBuildPhase section */

/* Begin PBXGroup section */
		5271128A2126C3B800B4C402 = {
			isa = PBXGroup;
			children = (
				527112952126C3B800B4C402 /* CardView */,
				527112942126C3B800B4C402 /* Products */,
				6E0DAAF8C27D0523824919C6 /* Pods */,
				FC4843D3B82711DEFC5B7EF4 /* Frameworks */,
			);
			sourceTree = "<group>";
		};
		527112942126C3B800B4C402 /* Products */ = {
			isa = PBXGroup;
			children = (
				527112932126C3B800B4C402 /* CardView.app */,
			);
			name = Products;
			sourceTree = "<group>";
		};
		527112952126C3B800B4C402 /* CardView */ = {
			isa = PBXGroup;
			children = (
				527112A82126C3FE00B4C402 /* ShadowCardView */,
				527112962126C3B800B4C402 /* AppDelegate.swift */,
				527112982126C3B800B4C402 /* ViewController.swift */,
				5271129A2126C3B800B4C402 /* Main.storyboard */,
				5271129D2126C3B900B4C402 /* Assets.xcassets */,
				5271129F2126C3B900B4C402 /* LaunchScreen.storyboard */,
				527112A22126C3B900B4C402 /* Info.plist */,
			);
			path = CardView;
			sourceTree = "<group>";
		};
		527112A82126C3FE00B4C402 /* ShadowCardView */ = {
			isa = PBXGroup;
			children = (
				527112A92126C3FE00B4C402 /* ShadowCardView.swift */,
			);
			path = ShadowCardView;
			sourceTree = "<group>";
		};
		6E0DAAF8C27D0523824919C6 /* Pods */ = {
			isa = PBXGroup;
			children = (
				BD86B7CB6361E5CB95290B50 /* Pods-CardView.debug.xcconfig */,
				3ED569E47A9A0EB3419CD286 /* Pods-CardView.release.xcconfig */,
			);
			name = Pods;
			sourceTree = "<group>";
		};
		FC4843D3B82711DEFC5B7EF4 /* Frameworks */ = {
			isa = PBXGroup;
			children = (
				23F74FFD862030A432FF9AF3 /* Pods_CardView.framework */,
			);
			name = Frameworks;
			sourceTree = "<group>";
		};
/* End PBXGroup section */

/* Begin PBXNativeTarget section */
		527112922126C3B800B4C402 /* CardView */ = {
			isa = PBXNativeTarget;
			buildConfigurationList = 527112A52126C3B900B4C402 /* Build configuration list for PBXNativeTarget "CardView" */;
			buildPhases = (
				4B2BCBF4B01623FD81C14064 /* [CP] Check Pods Manifest.lock */,
				5271128F2126C3B800B4C402 /* Sources */,
				527112902126C3B800B4C402 /* Frameworks */,
				527112912126C3B800B4C402 /* Resources */,
				EC097F81B56D3B076D4807F8 /* [CP] Embed Pods Frameworks */,
			);
			buildRules = (
			);
			dependencies = (
			);
			name = CardView;
			productName = CardView;
			productReference = 527112932126C3B800B4C402 /* CardView.app */;
			productType = "com.apple.product-type.application";
		};
/* End PBXNativeTarget section */

/* Begin PBXProject section */
		5271128B2126C3B800B4C402 /* Project object */ = {
			isa = PBXProject;
			attributes = {
				LastSwiftUpdateCheck = 0940;
				LastUpgradeCheck = 0940;
				ORGANIZATIONNAME = df;
				TargetAttributes = {
					527112922126C3B800B4C402 = {
						CreatedOnToolsVersion = 9.4;
					};
				};
			};
			buildConfigurationList = 5271128E2126C3B800B4C402 /* Build configuration list for PBXProject "CardView" */;
			compatibilityVersion = "Xcode 9.3";
			developmentRegion = en;
			hasScannedForEncodings = 0;
			knownRegions = (
				en,
				Base,
			);
			mainGroup = 5271128A2126C3B800B4C402;
			productRefGroup = 527112942126C3B800B4C402 /* Products */;
			projectDirPath = "";
			projectRoot = "";
			targets = (
				527112922126C3B800B4C402 /* CardView */,
			);
		};
/* End PBXProject section */

/* Begin PBXResourcesBuildPhase section */
		527112912126C3B800B4C402 /* Resources */ = {
			isa = PBXResourcesBuildPhase;
			buildActionMask = 2147483647;
			files = (
				527112A12126C3B900B4C402 /* LaunchScreen.storyboard in Resources */,
				5271129E2126C3B900B4C402 /* Assets.xcassets in Resources */,
				5271129C2126C3B800B4C402 /* Main.storyboard in Resources */,
			);
			runOnlyForDeploymentPostprocessing = 0;
		};
/* End PBXResourcesBuildPhase section */

/* Begin PBXShellScriptBuildPhase section */
		4B2BCBF4B01623FD81C14064 /* [CP] Check Pods Manifest.lock */ = {
			isa = PBXShellScriptBuildPhase;
			buildActionMask = 2147483647;
			files = (
			);
			inputPaths = (
				"${PODS_PODFILE_DIR_PATH}/Podfile.lock",
				"${PODS_ROOT}/Manifest.lock",
			);
			name = "[CP] Check Pods Manifest.lock";
			outputPaths = (
				"$(DERIVED_FILE_DIR)/Pods-CardView-checkManifestLockResult.txt",
			);
			runOnlyForDeploymentPostprocessing = 0;
			shellPath = /bin/sh;
			shellScript = "diff \"${PODS_PODFILE_DIR_PATH}/Podfile.lock\" \"${PODS_ROOT}/Manifest.lock\" > /dev/null\nif [ $? != 0 ] ; then\n    # print error to STDERR\n    echo \"error: The sandbox is not in sync with the Podfile.lock. Run 'pod install' or update your CocoaPods installation.\" >&2\n    exit 1\nfi\n# This output is used by Xcode 'outputs' to avoid re-running this script phase.\necho \"SUCCESS\" > \"${SCRIPT_OUTPUT_FILE_0}\"\n";
			showEnvVarsInLog = 0;
		};
		EC097F81B56D3B076D4807F8 /* [CP] Embed Pods Frameworks */ = {
			isa = PBXShellScriptBuildPhase;
			buildActionMask = 2147483647;
			files = (
			);
			inputPaths = (
				"${SRCROOT}/Pods/Target Support Files/Pods-CardView/Pods-CardView-frameworks.sh",
				"${BUILT_PRODUCTS_DIR}/SnapKit/SnapKit.framework",
			);
			name = "[CP] Embed Pods Frameworks";
			outputPaths = (
				"${TARGET_BUILD_DIR}/${FRAMEWORKS_FOLDER_PATH}/SnapKit.framework",
			);
			runOnlyForDeploymentPostprocessing = 0;
			shellPath = /bin/sh;
			shellScript = "\"${SRCROOT}/Pods/Target Support Files/Pods-CardView/Pods-CardView-frameworks.sh\"\n";
			showEnvVarsInLog = 0;
		};
/* End PBXShellScriptBuildPhase section */

/* Begin PBXSourcesBuildPhase section */
		5271128F2126C3B800B4C402 /* Sources */ = {
			isa = PBXSourcesBuildPhase;
			buildActionMask = 2147483647;
			files = (
				527112AA2126C3FE00B4C402 /* ShadowCardView.swift in Sources */,
				527112992126C3B800B4C402 /* ViewController.swift in Sources */,
				527112972126C3B800B4C402 /* AppDelegate.swift in Sources */,
			);
			runOnlyForDeploymentPostprocessing = 0;
		};
/* End PBXSourcesBuildPhase section */

/* Begin PBXVariantGroup section */
		5271129A2126C3B800B4C402 /* Main.storyboard */ = {
			isa = PBXVariantGroup;
			children = (
				5271129B2126C3B800B4C402 /* Base */,
			);
			name = Main.storyboard;
			sourceTree = "<group>";
		};
		5271129F2126C3B900B4C402 /* LaunchScreen.storyboard */ = {
			isa = PBXVariantGroup;
			children = (
				527112A02126C3B900B4C402 /* Base */,
			);
			name = LaunchScreen.storyboard;
			sourceTree = "<group>";
		};
/* End PBXVariantGroup section */

/* Begin XCBuildConfiguration section */
		527112A32126C3B900B4C402 /* Debug */ = {
			isa = XCBuildConfiguration;
			buildSettings = {
				ALWAYS_SEARCH_USER_PATHS = NO;
				CLANG_ANALYZER_NONNULL = YES;
				CLANG_ANALYZER_NUMBER_OBJECT_CONVERSION = YES_AGGRESSIVE;
				CLANG_CXX_LANGUAGE_STANDARD = "gnu++14";
				CLANG_CXX_LIBRARY = "libc++";
				CLANG_ENABLE_MODULES = YES;
				CLANG_ENABLE_OBJC_ARC = YES;
				CLANG_ENABLE_OBJC_WEAK = YES;
				CLANG_WARN_BLOCK_CAPTURE_AUTORELEASING = YES;
				CLANG_WARN_BOOL_CONVERSION = YES;
				CLANG_WARN_COMMA = YES;
				CLANG_WARN_CONSTANT_CONVERSION = YES;
				CLANG_WARN_DEPRECATED_OBJC_IMPLEMENTATIONS = YES;
				CLANG_WARN_DIRECT_OBJC_ISA_USAGE = YES_ERROR;
				CLANG_WARN_DOCUMENTATION_COMMENTS = YES;
				CLANG_WARN_EMPTY_BODY = YES;
				CLANG_WARN_ENUM_CONVERSION = YES;
				CLANG_WARN_INFINITE_RECURSION = YES;
				CLANG_WARN_INT_CONVERSION = YES;
				CLANG_WARN_NON_LITERAL_NULL_CONVERSION = YES;
				CLANG_WARN_OBJC_IMPLICIT_RETAIN_SELF = YES;
				CLANG_WARN_OBJC_LITERAL_CONVERSION = YES;
				CLANG_WARN_OBJC_ROOT_CLASS = YES_ERROR;
				CLANG_WARN_RANGE_LOOP_ANALYSIS = YES;
				CLANG_WARN_STRICT_PROTOTYPES = YES;
				CLANG_WARN_SUSPICIOUS_MOVE = YES;
				CLANG_WARN_UNGUARDED_AVAILABILITY = YES_AGGRESSIVE;
				CLANG_WARN_UNREACHABLE_CODE = YES;
				CLANG_WARN__DUPLICATE_METHOD_MATCH = YES;
				CODE_SIGN_IDENTITY = "iPhone Developer";
				COPY_PHASE_STRIP = NO;
				DEBUG_INFORMATION_FORMAT = dwarf;
				ENABLE_STRICT_OBJC_MSGSEND = YES;
				ENABLE_TESTABILITY = YES;
				GCC_C_LANGUAGE_STANDARD = gnu11;
				GCC_DYNAMIC_NO_PIC = NO;
				GCC_NO_COMMON_BLOCKS = YES;
				GCC_OPTIMIZATION_LEVEL = 0;
				GCC_PREPROCESSOR_DEFINITIONS = (
					"DEBUG=1",
					"$(inherited)",
				);
				GCC_WARN_64_TO_32_BIT_CONVERSION = YES;
				GCC_WARN_ABOUT_RETURN_TYPE = YES_ERROR;
				GCC_WARN_UNDECLARED_SELECTOR = YES;
				GCC_WARN_UNINITIALIZED_AUTOS = YES_AGGRESSIVE;
				GCC_WARN_UNUSED_FUNCTION = YES;
				GCC_WARN_UNUSED_VARIABLE = YES;
				IPHONEOS_DEPLOYMENT_TARGET = 11.4;
				MTL_ENABLE_DEBUG_INFO = YES;
				ONLY_ACTIVE_ARCH = YES;
				SDKROOT = iphoneos;
				SWIFT_ACTIVE_COMPILATION_CONDITIONS = DEBUG;
				SWIFT_OPTIMIZATION_LEVEL = "-Onone";
			};
			name = Debug;
		};
		527112A42126C3B900B4C402 /* Release */ = {
			isa = XCBuildConfiguration;
			buildSettings = {
				ALWAYS_SEARCH_USER_PATHS = NO;
				CLANG_ANALYZER_NONNULL = YES;
				CLANG_ANALYZER_NUMBER_OBJECT_CONVERSION = YES_AGGRESSIVE;
				CLANG_CXX_LANGUAGE_STANDARD = "gnu++14";
				CLANG_CXX_LIBRARY = "libc++";
				CLANG_ENABLE_MODULES = YES;
				CLANG_ENABLE_OBJC_ARC = YES;
				CLANG_ENABLE_OBJC_WEAK = YES;
				CLANG_WARN_BLOCK_CAPTURE_AUTORELEASING = YES;
				CLANG_WARN_BOOL_CONVERSION = YES;
				CLANG_WARN_COMMA = YES;
				CLANG_WARN_CONSTANT_CONVERSION = YES;
				CLANG_WARN_DEPRECATED_OBJC_IMPLEMENTATIONS = YES;
				CLANG_WARN_DIRECT_OBJC_ISA_USAGE = YES_ERROR;
				CLANG_WARN_DOCUMENTATION_COMMENTS = YES;
				CLANG_WARN_EMPTY_BODY = YES;
				CLANG_WARN_ENUM_CONVERSION = YES;
				CLANG_WARN_INFINITE_RECURSION = YES;
				CLANG_WARN_INT_CONVERSION = YES;
				CLANG_WARN_NON_LITERAL_NULL_CONVERSION = YES;
				CLANG_WARN_OBJC_IMPLICIT_RETAIN_SELF = YES;
				CLANG_WARN_OBJC_LITERAL_CONVERSION = YES;
				CLANG_WARN_OBJC_ROOT_CLASS = YES_ERROR;
				CLANG_WARN_RANGE_LOOP_ANALYSIS = YES;
				CLANG_WARN_STRICT_PROTOTYPES = YES;
				CLANG_WARN_SUSPICIOUS_MOVE = YES;
				CLANG_WARN_UNGUARDED_AVAILABILITY = YES_AGGRESSIVE;
				CLANG_WARN_UNREACHABLE_CODE = YES;
				CLANG_WARN__DUPLICATE_METHOD_MATCH = YES;
				CODE_SIGN_IDENTITY = "iPhone Developer";
				COPY_PHASE_STRIP = NO;
				DEBUG_INFORMATION_FORMAT = "dwarf-with-dsym";
				ENABLE_NS_ASSERTIONS = NO;
				ENABLE_STRICT_OBJC_MSGSEND = YES;
				GCC_C_LANGUAGE_STANDARD = gnu11;
				GCC_NO_COMMON_BLOCKS = YES;
				GCC_WARN_64_TO_32_BIT_CONVERSION = YES;
				GCC_WARN_ABOUT_RETURN_TYPE = YES_ERROR;
				GCC_WARN_UNDECLARED_SELECTOR = YES;
				GCC_WARN_UNINITIALIZED_AUTOS = YES_AGGRESSIVE;
				GCC_WARN_UNUSED_FUNCTION = YES;
				GCC_WARN_UNUSED_VARIABLE = YES;
				IPHONEOS_DEPLOYMENT_TARGET = 11.4;
				MTL_ENABLE_DEBUG_INFO = NO;
				SDKROOT = iphoneos;
				SWIFT_COMPILATION_MODE = wholemodule;
				SWIFT_OPTIMIZATION_LEVEL = "-O";
				VALIDATE_PRODUCT = YES;
			};
			name = Release;
		};
		527112A62126C3B900B4C402 /* Debug */ = {
			isa = XCBuildConfiguration;
			baseConfigurationReference = BD86B7CB6361E5CB95290B50 /* Pods-CardView.debug.xcconfig */;
			buildSettings = {
				ASSETCATALOG_COMPILER_APPICON_NAME = AppIcon;
				CODE_SIGN_STYLE = Automatic;
				INFOPLIST_FILE = CardView/Info.plist;
				LD_RUNPATH_SEARCH_PATHS = "$(inherited) @executable_path/Frameworks";
				PRODUCT_BUNDLE_IDENTIFIER = com.ChocolateChen.CardView;
				PRODUCT_NAME = "$(TARGET_NAME)";
				SWIFT_VERSION = 4.0;
				TARGETED_DEVICE_FAMILY = "1,2";
			};
			name = Debug;
		};
		527112A72126C3B900B4C402 /* Release */ = {
			isa = XCBuildConfiguration;
			baseConfigurationReference = 3ED569E47A9A0EB3419CD286 /* Pods-CardView.release.xcconfig */;
			buildSettings = {
				ASSETCATALOG_COMPILER_APPICON_NAME = AppIcon;
				CODE_SIGN_STYLE = Automatic;
				INFOPLIST_FILE = CardView/Info.plist;
				LD_RUNPATH_SEARCH_PATHS = "$(inherited) @executable_path/Frameworks";
				PRODUCT_BUNDLE_IDENTIFIER = com.ChocolateChen.CardView;
				PRODUCT_NAME = "$(TARGET_NAME)";
				SWIFT_VERSION = 4.0;
				TARGETED_DEVICE_FAMILY = "1,2";
			};
			name = Release;
		};
/* End XCBuildConfiguration section */

/* Begin XCConfigurationList section */
		5271128E2126C3B800B4C402 /* Build configuration list for PBXProject "CardView" */ = {
			isa = XCConfigurationList;
			buildConfigurations = (
				527112A32126C3B900B4C402 /* Debug */,
				527112A42126C3B900B4C402 /* Release */,
			);
			defaultConfigurationIsVisible = 0;
			defaultConfigurationName = Release;
		};
		527112A52126C3B900B4C402 /* Build configuration list for PBXNativeTarget "CardView" */ = {
			isa = XCConfigurationList;
			buildConfigurations = (
				527112A62126C3B900B4C402 /* Debug */,
				527112A72126C3B900B4C402 /* Release */,
			);
			defaultConfigurationIsVisible = 0;
			defaultConfigurationName = Release;
		};
/* End XCConfigurationList section */
	};
	rootObject = 5271128B2126C3B800B4C402 /* Project object */;
}
